{
    "name": "vxmaker",
    "version": "0.0.1",
    "lockfileVersion": 1,
    "requires": true,
    "dependencies": {
        "abbrev": {
            "version": "1.1.0",
            "resolved": "https://registry.npmjs.org/abbrev/-/abbrev-1.1.0.tgz",
            "integrity": "sha1-0FVMIlZjbi9W58LlrRg/hZQo2B8="
        },
        "adbkit": {
            "version": "2.11.0",
            "resolved": "https://registry.npmjs.org/adbkit/-/adbkit-2.11.0.tgz",
            "integrity": "sha512-j2vUhEeZmCiqBP+p77CpPWQTcT20rOmSmRHFUTZUwUpxzeCd3fXop4NAGYztSY9/FNU4bT/qqvYQ4EZKuCXhfA==",
            "requires": {
                "adbkit-logcat": "1.1.0",
                "adbkit-monkey": "1.0.1",
                "bluebird": "2.9.34",
                "commander": "2.11.0",
                "debug": "2.6.9",
                "node-forge": "0.7.1",
                "split": "0.3.3"
            },
            "dependencies": {
                "bluebird": {
                    "version": "2.9.34",
                    "resolved": "https://registry.npmjs.org/bluebird/-/bluebird-2.9.34.tgz",
                    "integrity": "sha1-L3tOyAIWMoqf3evfacjUlC/v99g="
                }
            }
        },
        "adbkit-logcat": {
            "version": "1.1.0",
            "resolved": "https://registry.npmjs.org/adbkit-logcat/-/adbkit-logcat-1.1.0.tgz",
            "integrity": "sha1-Adf5sM75CTowvLOwB+//MBUIli8="
        },
        "adbkit-monkey": {
            "version": "1.0.1",
            "resolved": "https://registry.npmjs.org/adbkit-monkey/-/adbkit-monkey-1.0.1.tgz",
            "integrity": "sha1-8pG+cBou/FZ6Y/x6pq/N7TFDC+E=",
            "requires": {
                "async": "0.2.10"
            }
        },
        "ansi-styles": {
            "version": "1.1.0",
            "resolved": "https://registry.npmjs.org/ansi-styles/-/ansi-styles-1.1.0.tgz",
            "integrity": "sha1-6uy/Zs1waIJ2Cy9GkVgrj1XXp94=",
            "optional": true
        },
        "async": {
            "version": "0.2.10",
            "resolved": "https://registry.npmjs.org/async/-/async-0.2.10.tgz",
            "integrity": "sha1-trvgsGdLnXGXCMo43owjfLUmw9E="
        },
        "balanced-match": {
            "version": "1.0.0",
            "resolved": "https://registry.npmjs.org/balanced-match/-/balanced-match-1.0.0.tgz",
            "integrity": "sha1-ibTRmasr7kneFk6gK4nORi1xt2c="
        },
        "block-stream": {
            "version": "0.0.9",
            "resolved": "https://registry.npmjs.org/block-stream/-/block-stream-0.0.9.tgz",
            "integrity": "sha1-E+v+d4oDIFz+A3UUgeu0szAMEmo=",
            "requires": {
                "inherits": "2.0.3"
            }
        },
        "bluebird": {
            "version": "3.5.0",
            "resolved": "https://registry.npmjs.org/bluebird/-/bluebird-3.5.0.tgz",
            "integrity": "sha1-eRQg1/VR7qKJdFOop3ZT+WYG1nw="
        },
        "brace-expansion": {
            "version": "1.1.8",
            "resolved": "https://registry.npmjs.org/brace-expansion/-/brace-expansion-1.1.8.tgz",
            "integrity": "sha1-wHshHHyVLsH479Uad+8NHTmQopI=",
            "requires": {
                "balanced-match": "1.0.0",
                "concat-map": "0.0.1"
            }
        },
        "clipboard": {
            "version": "1.7.1",
            "resolved": "https://registry.npmjs.org/clipboard/-/clipboard-1.7.1.tgz",
            "integrity": "sha1-Ng1taUbpmnof7zleQrqStem1oWs=",
            "requires": {
                "good-listener": "1.2.2",
                "select": "1.1.2",
                "tiny-emitter": "2.0.2"
            }
        },
        "coffee-script": {
            "version": "1.7.1",
            "resolved": "https://registry.npmjs.org/coffee-script/-/coffee-script-1.7.1.tgz",
            "integrity": "sha1-YplqhheAx15tUGnROCJyO3NAS/w=",
            "requires": {
                "mkdirp": "0.3.5"
            },
            "dependencies": {
                "mkdirp": {
                    "version": "0.3.5",
                    "resolved": "https://registry.npmjs.org/mkdirp/-/mkdirp-0.3.5.tgz",
                    "integrity": "sha1-3j5fiWHIjHh+4TaN+EmsRBPsqNc="
                }
            }
        },
        "coffeescript-module": {
            "version": "0.2.1",
            "resolved": "https://registry.npmjs.org/coffeescript-module/-/coffeescript-module-0.2.1.tgz",
            "integrity": "sha1-LGGqhpg8rNImcZ+fHdqSPLCuZ7A="
        },
        "commander": {
            "version": "2.11.0",
            "resolved": "https://registry.npmjs.org/commander/-/commander-2.11.0.tgz",
            "integrity": "sha512-b0553uYA5YAEGgyYIGYROzKQ7X5RAqedkfjiZxwi0kL1g3bOaBNNZfYkzt/CL0umgD5wc9Jec2FbB98CjkMRvQ=="
        },
        "concat-map": {
            "version": "0.0.1",
            "resolved": "https://registry.npmjs.org/concat-map/-/concat-map-0.0.1.tgz",
            "integrity": "sha1-2Klr13/Wjfd5OnMDajug1UBdR3s="
        },
        "config-chain": {
            "version": "1.1.11",
            "resolved": "https://registry.npmjs.org/config-chain/-/config-chain-1.1.11.tgz",
            "integrity": "sha1-q6CXR9++TD5w52am5BWG4YWfxvI=",
            "requires": {
                "ini": "1.3.4",
                "proto-list": "1.2.4"
            }
        },
        "debug": {
            "version": "2.6.9",
            "resolved": "https://registry.npmjs.org/debug/-/debug-2.6.9.tgz",
            "integrity": "sha512-bC7ElrdJaJnPbAP+1EotYvqZsb3ecl5wi6Bfi6BJTUcNowp6cvspg0jXznRTKDjm/E7AdgFBVeAPVMNcKGsHMA==",
            "requires": {
                "ms": "2.0.0"
            }
        },
        "delegate": {
            "version": "3.1.3",
            "resolved": "https://registry.npmjs.org/delegate/-/delegate-3.1.3.tgz",
            "integrity": "sha1-moJRp3fXAl+qVXN7w7BxdCEnqf0="
        },
        "editorconfig": {
            "version": "0.13.3",
            "resolved": "https://registry.npmjs.org/editorconfig/-/editorconfig-0.13.3.tgz",
            "integrity": "sha512-WkjsUNVCu+ITKDj73QDvi0trvpdDWdkDyHybDGSXPfekLCqwmpD7CP7iPbvBgosNuLcI96XTDwNa75JyFl7tEQ==",
            "requires": {
                "bluebird": "3.5.0",
                "commander": "2.11.0",
                "lru-cache": "3.2.0",
                "semver": "5.4.1",
                "sigmund": "1.0.1"
            }
        },
        "electron-data": {
            "version": "1.2.3",
            "resolved": "https://registry.npmjs.org/electron-data/-/electron-data-1.2.3.tgz",
            "integrity": "sha1-I7ze8JHdAYhNHnq40M0faP231aQ=",
            "requires": {
                "mkdirp": "0.5.1",
                "require-reload": "0.2.2",
                "user-home": "2.0.0"
            }
        },
        "electron-is-dev": {
            "version": "0.3.0",
            "resolved": "https://registry.npmjs.org/electron-is-dev/-/electron-is-dev-0.3.0.tgz",
            "integrity": "sha1-FOb9pcaOnk7L7/nM8DfL18BcWv4="
        },
        "fs-extra": {
            "version": "2.1.2",
            "resolved": "https://registry.npmjs.org/fs-extra/-/fs-extra-2.1.2.tgz",
            "integrity": "sha1-BGxwFjzvmq1GsOSn+kZ/si1x3jU=",
            "requires": {
                "graceful-fs": "4.1.11",
                "jsonfile": "2.4.0"
            }
        },
        "fs.realpath": {
            "version": "1.0.0",
            "resolved": "https://registry.npmjs.org/fs.realpath/-/fs.realpath-1.0.0.tgz",
            "integrity": "sha1-FQStJSMVjKpA20onh8sBQRmU6k8="
        },
        "fstream": {
            "version": "1.0.11",
            "resolved": "https://registry.npmjs.org/fstream/-/fstream-1.0.11.tgz",
            "integrity": "sha1-XB+x8RdHcRTwYyoOtLcbPLD9MXE=",
            "requires": {
                "graceful-fs": "4.1.11",
                "inherits": "2.0.3",
                "mkdirp": "0.5.1",
                "rimraf": "2.6.1"
            }
        },
        "glob": {
            "version": "7.1.2",
            "resolved": "https://registry.npmjs.org/glob/-/glob-7.1.2.tgz",
            "integrity": "sha512-MJTUg1kjuLeQCJ+ccE4Vpa6kKVXkPYJ2mOCQyUuKLcLQsdrMCpBPUi8qVE6+YuaJkozeA9NusTAw3hLr8Xe5EQ==",
            "requires": {
                "fs.realpath": "1.0.0",
                "inflight": "1.0.6",
                "inherits": "2.0.3",
                "minimatch": "3.0.4",
                "once": "1.4.0",
                "path-is-absolute": "1.0.1"
            }
        },
        "good-listener": {
            "version": "1.2.2",
            "resolved": "https://registry.npmjs.org/good-listener/-/good-listener-1.2.2.tgz",
            "integrity": "sha1-1TswzfkxPf+33JoNR3CWqm0UXFA=",
            "requires": {
                "delegate": "3.1.3"
            }
        },
        "graceful-fs": {
            "version": "4.1.11",
            "resolved": "https://registry.npmjs.org/graceful-fs/-/graceful-fs-4.1.11.tgz",
            "integrity": "sha1-Dovf5NHduIVNZOBOp8AOKgJuVlg="
        },
        "hookit": {
            "version": "1.1.3",
            "resolved": "https://registry.npmjs.org/hookit/-/hookit-1.1.3.tgz",
            "integrity": "sha1-YnvRuQvE7sHTe2OiCCzv9Rgb+xk="
        },
        "iconv-lite": {
            "version": "0.4.18",
            "resolved": "https://registry.npmjs.org/iconv-lite/-/iconv-lite-0.4.18.tgz",
            "integrity": "sha512-sr1ZQph3UwHTR0XftSbK85OvBbxe/abLGzEnPENCQwmHf7sck8Oyu4ob3LgBxWWxRoM+QszeUyl7jbqapu2TqA=="
        },
        "image-size": {
            "version": "0.6.1",
            "resolved": "https://registry.npmjs.org/image-size/-/image-size-0.6.1.tgz",
            "integrity": "sha512-lHMlI2MykfeHAQdtydQh4fTcBQVf4zLTA91w1euBe9rbmAfJ/iyzMh8H3KD9u1RldlHaMS3tmMV5TEe9BkmW9g=="
        },
        "inflight": {
            "version": "1.0.6",
            "resolved": "https://registry.npmjs.org/inflight/-/inflight-1.0.6.tgz",
            "integrity": "sha1-Sb1jMdfQLQwJvJEKEHW6gWW1bfk=",
            "requires": {
                "once": "1.4.0",
                "wrappy": "1.0.2"
            }
        },
        "inherits": {
            "version": "2.0.3",
            "resolved": "https://registry.npmjs.org/inherits/-/inherits-2.0.3.tgz",
            "integrity": "sha1-Yzwsg+PaQqUC9SRmAiSA9CCCYd4="
        },
        "ini": {
            "version": "1.3.4",
            "resolved": "https://registry.npmjs.org/ini/-/ini-1.3.4.tgz",
            "integrity": "sha1-BTfLedr1m1mhpRff9wbIbsA5Fi4="
        },
        "js-beautify": {
            "version": "1.6.14",
            "resolved": "https://registry.npmjs.org/js-beautify/-/js-beautify-1.6.14.tgz",
            "integrity": "sha1-07j3Mi0CuSd9WL0jgmTDJ+WARM0=",
            "requires": {
                "config-chain": "1.1.11",
                "editorconfig": "0.13.3",
                "mkdirp": "0.5.1",
                "nopt": "3.0.6"
            }
        },
        "jsonfile": {
            "version": "2.4.0",
            "resolved": "https://registry.npmjs.org/jsonfile/-/jsonfile-2.4.0.tgz",
            "integrity": "sha1-NzaitCi4e72gzIO1P6PWM6NcKug=",
            "requires": {
                "graceful-fs": "4.1.11"
            }
        },
        "jspack": {
            "version": "0.0.4",
            "resolved": "https://registry.npmjs.org/jspack/-/jspack-0.0.4.tgz",
            "integrity": "sha1-Mt01x/3LPjRWwY+7fvntC8YjgXc="
        },
        "lodash": {
            "version": "2.4.2",
            "resolved": "https://registry.npmjs.org/lodash/-/lodash-2.4.2.tgz",
            "integrity": "sha1-+t2DS5aDBz2hebPq5tnA0VBT9z4="
        },
        "lru-cache": {
            "version": "3.2.0",
            "resolved": "https://registry.npmjs.org/lru-cache/-/lru-cache-3.2.0.tgz",
            "integrity": "sha1-cXibO39Tmb7IVl3aOKow0qCX7+4=",
            "requires": {
                "pseudomap": "1.0.2"
            }
        },
        "minimatch": {
            "version": "3.0.4",
            "resolved": "https://registry.npmjs.org/minimatch/-/minimatch-3.0.4.tgz",
            "integrity": "sha512-yJHVQEhyqPLUTgt9B83PXu6W3rx4MvvHvSUvToogpwoGDOUQ+yDrR0HRot+yOCdCO7u4hX3pWft6kWBBcqh0UA==",
            "requires": {
                "brace-expansion": "1.1.8"
            }
        },
        "minimist": {
            "version": "0.0.8",
            "resolved": "https://registry.npmjs.org/minimist/-/minimist-0.0.8.tgz",
            "integrity": "sha1-hX/Kv8M5fSYluCKCYuhqp6ARsF0="
        },
        "mkdirp": {
            "version": "0.5.1",
            "resolved": "https://registry.npmjs.org/mkdirp/-/mkdirp-0.5.1.tgz",
            "integrity": "sha1-MAV0OOrGz3+MR2fzhkjWaX11yQM=",
            "requires": {
                "minimist": "0.0.8"
            }
        },
        "ms": {
            "version": "2.0.0",
            "resolved": "https://registry.npmjs.org/ms/-/ms-2.0.0.tgz",
            "integrity": "sha1-VgiurfwAvmwpAd9fmGF4jeDVl8g="
        },
        "node-forge": {
            "version": "0.7.1",
            "resolved": "https://registry.npmjs.org/node-forge/-/node-forge-0.7.1.tgz",
            "integrity": "sha1-naYR6giYL0uUIGs760zJZl8gwwA="
        },
        "nopt": {
            "version": "3.0.6",
            "resolved": "https://registry.npmjs.org/nopt/-/nopt-3.0.6.tgz",
            "integrity": "sha1-xkZdvwirzU2zWTF/eaxopkayj/k=",
            "requires": {
                "abbrev": "1.1.0"
            }
        },
        "once": {
            "version": "1.4.0",
            "resolved": "https://registry.npmjs.org/once/-/once-1.4.0.tgz",
            "integrity": "sha1-WDsap3WWHUsROsF9nFC6753Xa9E=",
            "requires": {
                "wrappy": "1.0.2"
            }
        },
        "os-homedir": {
            "version": "1.0.2",
            "resolved": "https://registry.npmjs.org/os-homedir/-/os-homedir-1.0.2.tgz",
            "integrity": "sha1-/7xJiDNuDoM94MFox+8VISGqf7M="
        },
        "parse-engine-data": {
            "version": "0.1.2",
            "resolved": "https://registry.npmjs.org/parse-engine-data/-/parse-engine-data-0.1.2.tgz",
            "integrity": "sha1-UWH2EzyYiPUhVezO1CcWV13+oFI=",
            "requires": {
                "iconv-lite": "0.4.18"
            }
        },
        "path-is-absolute": {
            "version": "1.0.1",
            "resolved": "https://registry.npmjs.org/path-is-absolute/-/path-is-absolute-1.0.1.tgz",
            "integrity": "sha1-F0uSaHNVNP+8es5r9TpanhtcX18="
        },
        "pngjs": {
            "version": "3.2.0",
            "resolved": "https://registry.npmjs.org/pngjs/-/pngjs-3.2.0.tgz",
            "integrity": "sha1-/J/OoaijddpUpRFIAZ1avUHbq94="
        },
        "proto-list": {
            "version": "1.2.4",
            "resolved": "https://registry.npmjs.org/proto-list/-/proto-list-1.2.4.tgz",
            "integrity": "sha1-IS1b/hMYMGpCD2QCuOJv85ZHqEk="
        },
        "psd": {
            "version": "3.2.0",
            "resolved": "https://registry.npmjs.org/psd/-/psd-3.2.0.tgz",
            "integrity": "sha512-T3xchHRLA0IuahyaX3Q4/Ml0nRbjWX5QIFw0JK2OxFBnCfJzZwFiGqJ4N93KHfvxuy0NXJdcvr1xYy6AKDVytw==",
            "requires": {
                "coffee-script": "1.7.1",
                "coffeescript-module": "0.2.1",
                "iconv-lite": "0.4.18",
                "jspack": "0.0.4",
                "lodash": "2.4.2",
                "parse-engine-data": "0.1.2",
                "pngjs": "3.2.0",
                "rsvp": "3.0.21"
            }
        },
        "pseudomap": {
            "version": "1.0.2",
            "resolved": "https://registry.npmjs.org/pseudomap/-/pseudomap-1.0.2.tgz",
            "integrity": "sha1-8FKijacOYYkX7wqKw0wa5aaChrM="
        },
        "punycode": {
            "version": "1.3.2",
            "resolved": "https://registry.npmjs.org/punycode/-/punycode-1.3.2.tgz",
            "integrity": "sha1-llOgNvt8HuQjQvIyXM7v6jkmxI0="
        },
        "querystring": {
            "version": "0.2.0",
            "resolved": "https://registry.npmjs.org/querystring/-/querystring-0.2.0.tgz",
            "integrity": "sha1-sgmEkgO7Jd+CDadW50cAWHhSFiA="
        },
        "require-reload": {
            "version": "0.2.2",
            "resolved": "https://registry.npmjs.org/require-reload/-/require-reload-0.2.2.tgz",
            "integrity": "sha1-KadZGEbK+RtuijzamRaD+V+NfUI="
        },
        "rimraf": {
            "version": "2.6.1",
            "resolved": "https://registry.npmjs.org/rimraf/-/rimraf-2.6.1.tgz",
            "integrity": "sha1-wjOOxkPfeht/5cVPqG9XQopV8z0=",
            "requires": {
                "glob": "7.1.2"
            }
        },
        "rsvp": {
            "version": "3.0.21",
            "resolved": "https://registry.npmjs.org/rsvp/-/rsvp-3.0.21.tgz",
            "integrity": "sha1-ScWI/hjvKTvNCrn05nVuasQzNZ8="
        },
        "select": {
            "version": "1.1.2",
            "resolved": "https://registry.npmjs.org/select/-/select-1.1.2.tgz",
            "integrity": "sha1-DnNQrN7ICxEIUoeG7B1EGNEbOW0="
        },
        "semver": {
            "version": "5.4.1",
            "resolved": "https://registry.npmjs.org/semver/-/semver-5.4.1.tgz",
            "integrity": "sha512-WfG/X9+oATh81XtllIo/I8gOiY9EXRdv1cQdyykeXK17YcUW3EXUAi2To4pcH6nZtJPr7ZOpM5OMyWJZm+8Rsg=="
        },
        "sigmund": {
            "version": "1.0.1",
            "resolved": "https://registry.npmjs.org/sigmund/-/sigmund-1.0.1.tgz",
            "integrity": "sha1-P/IfGYytIXX587eBhT/ZTQ0ZtZA="
        },
        "split": {
            "version": "0.3.3",
            "resolved": "https://registry.npmjs.org/split/-/split-0.3.3.tgz",
            "integrity": "sha1-zQ7qXmOiEd//frDwkcQTPi0N0o8=",
            "requires": {
                "through": "2.3.8"
            }
        },
        "tar": {
            "version": "2.2.1",
            "resolved": "https://registry.npmjs.org/tar/-/tar-2.2.1.tgz",
            "integrity": "sha1-jk0qJWwOIYXGsYrWlK7JaLg8sdE=",
            "requires": {
                "block-stream": "0.0.9",
                "fstream": "1.0.11",
                "inherits": "2.0.3"
            }
        },
        "through": {
            "version": "2.3.8",
            "resolved": "https://registry.npmjs.org/through/-/through-2.3.8.tgz",
            "integrity": "sha1-DdTJ/6q8NXlgsbckEV1+Doai4fU="
        },
        "tiny-emitter": {
            "version": "2.0.2",
            "resolved": "https://registry.npmjs.org/tiny-emitter/-/tiny-emitter-2.0.2.tgz",
            "integrity": "sha512-2NM0auVBGft5tee/OxP4PI3d8WItkDM+fPnaRAVo6xTDI2knbz9eC5ArWGqtGlYqiH3RU5yMpdyTTO7MguC4ow=="
        },
        "trycatch": {
            "version": "1.5.21",
            "resolved": "https://registry.npmjs.org/trycatch/-/trycatch-1.5.21.tgz",
            "integrity": "sha1-LLFdQ9T0X3Q2dweYoQvfvh1aVv4=",
            "requires": {
                "ansi-styles": "1.1.0",
                "hookit": "1.1.3"
            }
        },
        "url": {
            "version": "0.11.0",
            "resolved": "https://registry.npmjs.org/url/-/url-0.11.0.tgz",
            "integrity": "sha1-ODjpfPxgUh63PFJajlW/3Z4uKPE=",
            "requires": {
                "punycode": "1.3.2",
                "querystring": "0.2.0"
            }
        },
        "user-home": {
            "version": "2.0.0",
            "resolved": "https://registry.npmjs.org/user-home/-/user-home-2.0.0.tgz",
            "integrity": "sha1-nHC/2Babwdy/SGBODwS4tJzenp8=",
            "requires": {
                "os-homedir": "1.0.2"
            }
        },
        "uuid": {
            "version": "3.1.0",
            "resolved": "https://registry.npmjs.org/uuid/-/uuid-3.1.0.tgz",
            "integrity": "sha512-DIWtzUkw04M4k3bf1IcpS2tngXEL26YUD2M0tMDUpnUrz2hgzUBlD55a4FjdLGPvfHxS6uluGWvaVEqgBcVa+g=="
        },
        "wrappy": {
            "version": "1.0.2",
            "resolved": "https://registry.npmjs.org/wrappy/-/wrappy-1.0.2.tgz",
            "integrity": "sha1-tSQ9jz7BqjXxNkYFvA0QNuMKtp8="
        }
    }
}
