{
  "name": "vxmaker-angular",
  "version": "0.0.0",
  "lockfileVersion": 1,
  "dependencies": {
    "@angular/common": {
      "version": "https://registry.npmjs.org/@angular/common/-/common-4.0.3.tgz",
      "integrity": "sha1-F0coletCXygSs6eRYrW0lNJQals="
    },
    "@angular/compiler": {
      "version": "https://registry.npmjs.org/@angular/compiler/-/compiler-4.0.3.tgz",
      "integrity": "sha1-izytM4rFOTKOEKakv6oFcJT3vIk="
    },
    "@angular/core": {
      "version": "https://registry.npmjs.org/@angular/core/-/core-4.0.3.tgz",
      "integrity": "sha1-Yb4h22qld44zFZ/9OMu+uvFhINk="
    },
    "@angular/forms": {
      "version": "https://registry.npmjs.org/@angular/forms/-/forms-4.0.3.tgz",
      "integrity": "sha1-+45uCu3ngr9Ycwox0RebMjJxgW4="
    },
    "@angular/http": {
      "version": "https://registry.npmjs.org/@angular/http/-/http-4.0.3.tgz",
      "integrity": "sha1-77twGiFex3BMAhZ2SEuF7Uc5L0s="
    },
    "@angular/platform-browser": {
      "version": "https://registry.npmjs.org/@angular/platform-browser/-/platform-browser-4.0.3.tgz",
      "integrity": "sha1-FwsY1a9O4Cskiqah8eBYSshBaB4="
    },
    "@angular/platform-browser-dynamic": {
      "version": "https://registry.npmjs.org/@angular/platform-browser-dynamic/-/platform-browser-dynamic-4.0.3.tgz",
      "integrity": "sha1-X6O5j3JZmbYx19cXTm5D3L9qqaw="
    },
    "@angular/router": {
      "version": "https://registry.npmjs.org/@angular/router/-/router-4.0.3.tgz",
      "integrity": "sha1-JBhOmxJmxK0BeyvoFXNGSx5MXfo="
    },
    "angular2-tree-component": {
      "version": "https://registry.npmjs.org/angular2-tree-component/-/angular2-tree-component-3.1.0.tgz",
      "integrity": "sha1-u3d81QcJM2T2DcdIgmYXcv25ZWo="
    },
    "angular2-uuid": {
      "version": "https://registry.npmjs.org/angular2-uuid/-/angular2-uuid-1.1.1.tgz",
      "integrity": "sha1-cvA81TK39AAy6x7PufhFc4S+lW4="
    },
    "ayepromise": {
      "version": "https://registry.npmjs.org/ayepromise/-/ayepromise-1.1.2.tgz",
      "integrity": "sha1-4E1oV8GD320QF4fDY21BaR24CJQ="
    },
    "bodymovin": {
      "version": "https://registry.npmjs.org/bodymovin/-/bodymovin-4.6.10.tgz",
      "integrity": "sha1-7RuM5JEXRewFVXM59o3c1gr0vT0="
    },
    "bootstrap": {
      "version": "https://registry.npmjs.org/bootstrap/-/bootstrap-3.3.7.tgz",
      "integrity": "sha1-WjiTlFSfIzMIdaOxUGVldPip63E="
    },
    "core-js": {
      "version": "https://registry.npmjs.org/core-js/-/core-js-2.4.1.tgz",
      "integrity": "sha1-TekR5mew6ukSTjQlS1OupvxhjT4="
    },
    "css-font-face-src": {
      "version": "https://registry.npmjs.org/css-font-face-src/-/css-font-face-src-0.2.2.tgz",
      "integrity": "sha1-Cb2q73MblS3Hwpab/ehlWblP/64="
    },
    "css-mediaquery": {
      "version": "https://registry.npmjs.org/css-mediaquery/-/css-mediaquery-0.1.2.tgz",
      "integrity": "sha1-aiw3NEkoYYYxxUvTPO3TAdoYvqA="
    },
    "cssom": {
      "version": "https://registry.npmjs.org/cssom/-/cssom-0.3.2.tgz",
      "integrity": "sha1-uANhcMefB6kP8vFuIihAJ6JDhIs=",
      "optional": true
    },
    "image-size": {
      "version": "https://registry.npmjs.org/image-size/-/image-size-0.5.1.tgz",
      "integrity": "sha1-KO6oVIpLFENIDd3cHgg65UZSQ58="
    },
    "inlineresources": {
      "version": "https://registry.npmjs.org/inlineresources/-/inlineresources-0.3.2.tgz",
      "integrity": "sha1-Fi05R0K/wI87ewOhajCKdAA27cM="
    },
    "jsbeautify": {
      "version": "https://registry.npmjs.org/jsbeautify/-/jsbeautify-0.3.6.tgz",
      "integrity": "sha1-Vxtyy4rtdqrypYcxoryjGrWSvyU="
    },
    "lodash": {
      "version": "https://registry.npmjs.org/lodash/-/lodash-4.17.4.tgz",
      "integrity": "sha1-eCA6TRwyiuHYbcpkYONptX9AVa4="
    },
    "mobx": {
      "version": "https://registry.npmjs.org/mobx/-/mobx-3.1.9.tgz",
      "integrity": "sha1-7Ur52HT/YDLHr5H8G4fZ0zEipVc="
    },
    "ng2-mobx": {
      "version": "https://registry.npmjs.org/ng2-mobx/-/ng2-mobx-1.2.9.tgz",
      "integrity": "sha1-Hv4BVMOs2eoH6ymzMvvF9BLbCDU="
    },
    "optimist": {
      "version": "https://registry.npmjs.org/optimist/-/optimist-0.3.7.tgz",
      "integrity": "sha1-yQlBrVnkJzMokjB00s8ufLxuwNk="
    },
    "querystring": {
      "version": "https://registry.npmjs.org/querystring/-/querystring-0.2.0.tgz",
      "integrity": "sha1-sgmEkgO7Jd+CDadW50cAWHhSFiA="
    },
    "rasterizehtml": {
      "version": "https://registry.npmjs.org/rasterizehtml/-/rasterizehtml-1.2.4.tgz",
      "integrity": "sha1-pXYSDVrv5+pYckvcWACi0ecwQ/Q=",
      "dependencies": {
        "punycode": {
          "version": "https://registry.npmjs.org/punycode/-/punycode-1.3.2.tgz",
          "integrity": "sha1-llOgNvt8HuQjQvIyXM7v6jkmxI0="
        },
        "url": {
          "version": "https://registry.npmjs.org/url/-/url-0.10.3.tgz",
          "integrity": "sha1-Ah5NnHcF8hu/N9A861h2dAJ3TGQ="
        }
      }
    },
    "rxjs": {
      "version": "https://registry.npmjs.org/rxjs/-/rxjs-5.3.0.tgz",
      "integrity": "sha1-2IzL3UavKQy9uX1dgFXlJFP6vi0="
    },
    "sane-domparser-error": {
      "version": "https://registry.npmjs.org/sane-domparser-error/-/sane-domparser-error-0.2.0.tgz",
      "integrity": "sha1-rexTYMijlFJsIE5hsA6hJfeysB8="
    },
    "symbol-observable": {
      "version": "https://registry.npmjs.org/symbol-observable/-/symbol-observable-1.0.4.tgz",
      "integrity": "sha1-Kb9hXUqnEhvdiYsi1LP5vE4qoD0="
    },
    "url": {
      "version": "https://registry.npmjs.org/url/-/url-0.11.0.tgz",
      "integrity": "sha1-ODjpfPxgUh63PFJajlW/3Z4uKPE=",
      "dependencies": {
        "punycode": {
          "version": "https://registry.npmjs.org/punycode/-/punycode-1.3.2.tgz",
          "integrity": "sha1-llOgNvt8HuQjQvIyXM7v6jkmxI0="
        }
      }
    },
    "wordwrap": {
      "version": "https://registry.npmjs.org/wordwrap/-/wordwrap-0.0.2.tgz",
      "integrity": "sha1-t5Zpu0LstAn4PVg8rVLKF+qhZD8="
    },
    "xmlserializer": {
      "version": "https://registry.npmjs.org/xmlserializer/-/xmlserializer-0.4.0.tgz",
      "integrity": "sha1-lyaooQ5LpmxTGmwgnTrTt6FkHcM="
    },
    "zone.js": {
      "version": "https://registry.npmjs.org/zone.js/-/zone.js-0.8.9.tgz",
      "integrity": "sha1-NKqpo+xtDkrOvRt2Gtr6WQRzY4s="
    }
  }
}
